// !$*UTF8*$!
{
	archiveVersion = 1;
	classes = {
	};
	objectVersion = 50;
	objects = {

/* Begin PBXBuildFile section */
		FEABF69C27143AEA00C75CA2 /* AppDelegate.swift in Sources */ = {isa = PBXBuildFile; fileRef = FEABF69B27143AEA00C75CA2 /* AppDelegate.swift */; };
		FEABF69E27143AEA00C75CA2 /* SceneDelegate.swift in Sources */ = {isa = PBXBuildFile; fileRef = FEABF69D27143AEA00C75CA2 /* SceneDelegate.swift */; };
		FEABF6A027143AEA00C75CA2 /* ViewController.swift in Sources */ = {isa = PBXBuildFile; fileRef = FEABF69F27143AEA00C75CA2 /* ViewController.swift */; };
		FEABF6A327143AEA00C75CA2 /* Main.storyboard in Resources */ = {isa = PBXBuildFile; fileRef = FEABF6A127143AEA00C75CA2 /* Main.storyboard */; };
		FEABF6A627143AEA00C75CA2 /* NewsApp_Challenge.xcdatamodeld in Sources */ = {isa = PBXBuildFile; fileRef = FEABF6A427143AEA00C75CA2 /* NewsApp_Challenge.xcdatamodeld */; };
		FEABF6A827143AEA00C75CA2 /* Assets.xcassets in Resources */ = {isa = PBXBuildFile; fileRef = FEABF6A727143AEA00C75CA2 /* Assets.xcassets */; };
		FEABF6AB27143AEA00C75CA2 /* LaunchScreen.storyboard in Resources */ = {isa = PBXBuildFile; fileRef = FEABF6A927143AEA00C75CA2 /* LaunchScreen.storyboard */; };
/* End PBXBuildFile section */

/* Begin PBXFileReference section */
		FEABF69827143AEA00C75CA2 /* NewsApp-Challenge.app */ = {isa = PBXFileReference; explicitFileType = wrapper.application; includeInIndex = 0; path = "NewsApp-Challenge.app"; sourceTree = BUILT_PRODUCTS_DIR; };
		FEABF69B27143AEA00C75CA2 /* AppDelegate.swift */ = {isa = PBXFileReference; lastKnownFileType = sourcecode.swift; path = AppDelegate.swift; sourceTree = "<group>"; };
		FEABF69D27143AEA00C75CA2 /* SceneDelegate.swift */ = {isa = PBXFileReference; lastKnownFileType = sourcecode.swift; path = SceneDelegate.swift; sourceTree = "<group>"; };
		FEABF69F27143AEA00C75CA2 /* ViewController.swift */ = {isa = PBXFileReference; lastKnownFileType = sourcecode.swift; path = ViewController.swift; sourceTree = "<group>"; };
		FEABF6A227143AEA00C75CA2 /* Base */ = {isa = PBXFileReference; lastKnownFileType = file.storyboard; name = Base; path = Base.lproj/Main.storyboard; sourceTree = "<group>"; };
		FEABF6A527143AEA00C75CA2 /* NewsApp_Challenge.xcdatamodel */ = {isa = PBXFileReference; lastKnownFileType = wrapper.xcdatamodel; path = NewsApp_Challenge.xcdatamodel; sourceTree = "<group>"; };
		FEABF6A727143AEA00C75CA2 /* Assets.xcassets */ = {isa = PBXFileReference; lastKnownFileType = folder.assetcatalog; path = Assets.xcassets; sourceTree = "<group>"; };
		FEABF6AA27143AEA00C75CA2 /* Base */ = {isa = PBXFileReference; lastKnownFileType = file.storyboard; name = Base; path = Base.lproj/LaunchScreen.storyboard; sourceTree = "<group>"; };
		FEABF6AC27143AEA00C75CA2 /* Info.plist */ = {isa = PBXFileReference; lastKnownFileType = text.plist.xml; path = Info.plist; sourceTree = "<group>"; };
/* End PBXFileReference section */

/* Begin PBXFrameworksBuildPhase section */
		FEABF69527143AEA00C75CA2 /* Frameworks */ = {
			isa = PBXFrameworksBuildPhase;
			buildActionMask = 2147483647;
			files = (
			);
			runOnlyForDeploymentPostprocessing = 0;
		};
/* End PBXFrameworksBuildPhase section */

/* Begin PBXGroup section */
		FEABF68F27143AEA00C75CA2 = {
			isa = PBXGroup;
			children = (
				FEABF69A27143AEA00C75CA2 /* NewsApp-Challenge */,
				FEABF69927143AEA00C75CA2 /* Products */,
			);
			sourceTree = "<group>";
		};
		FEABF69927143AEA00C75CA2 /* Products */ = {
			isa = PBXGroup;
			children = (
				FEABF69827143AEA00C75CA2 /* NewsApp-Challenge.app */,
			);
			name = Products;
			sourceTree = "<group>";
		};
		FEABF69A27143AEA00C75CA2 /* NewsApp-Challenge */ = {
			isa = PBXGroup;
			children = (
				FEABF69B27143AEA00C75CA2 /* AppDelegate.swift */,
				FEABF69D27143AEA00C75CA2 /* SceneDelegate.swift */,
				FEABF69F27143AEA00C75CA2 /* ViewController.swift */,
				FEABF6A127143AEA00C75CA2 /* Main.storyboard */,
				FEABF6A727143AEA00C75CA2 /* Assets.xcassets */,
				FEABF6A927143AEA00C75CA2 /* LaunchScreen.storyboard */,
				FEABF6AC27143AEA00C75CA2 /* Info.plist */,
				FEABF6A427143AEA00C75CA2 /* NewsApp_Challenge.xcdatamodeld */,
			);
			path = "NewsApp-Challenge";
			sourceTree = "<group>";
		};
/* End PBXGroup section */

/* Begin PBXNativeTarget section */
		FEABF69727143AEA00C75CA2 /* NewsApp-Challenge */ = {
			isa = PBXNativeTarget;
			buildConfigurationList = FEABF6AF27143AEA00C75CA2 /* Build configuration list for PBXNativeTarget "NewsApp-Challenge" */;
			buildPhases = (
				FEABF69427143AEA00C75CA2 /* Sources */,
				FEABF69527143AEA00C75CA2 /* Frameworks */,
				FEABF69627143AEA00C75CA2 /* Resources */,
			);
			buildRules = (
			);
			dependencies = (
			);
			name = "NewsApp-Challenge";
			productName = "NewsApp-Challenge";
			productReference = FEABF69827143AEA00C75CA2 /* NewsApp-Challenge.app */;
			productType = "com.apple.product-type.application";
		};
/* End PBXNativeTarget section */

/* Begin PBXProject section */
		FEABF69027143AEA00C75CA2 /* Project object */ = {
			isa = PBXProject;
			attributes = {
				LastSwiftUpdateCheck = 1250;
				LastUpgradeCheck = 1250;
				TargetAttributes = {
					FEABF69727143AEA00C75CA2 = {
						CreatedOnToolsVersion = 12.5.1;
					};
				};
			};
			buildConfigurationList = FEABF69327143AEA00C75CA2 /* Build configuration list for PBXProject "NewsApp-Challenge" */;
			compatibilityVersion = "Xcode 9.3";
			developmentRegion = en;
			hasScannedForEncodings = 0;
			knownRegions = (
				en,
				Base,
			);
			mainGroup = FEABF68F27143AEA00C75CA2;
			productRefGroup = FEABF69927143AEA00C75CA2 /* Products */;
			projectDirPath = "";
			projectRoot = "";
			targets = (
				FEABF69727143AEA00C75CA2 /* NewsApp-Challenge */,
			);
		};
/* End PBXProject section */

/* Begin PBXResourcesBuildPhase section */
		FEABF69627143AEA00C75CA2 /* Resources */ = {
			isa = PBXResourcesBuildPhase;
			buildActionMask = 2147483647;
			files = (
				FEABF6AB27143AEA00C75CA2 /* LaunchScreen.storyboard in Resources */,
				FEABF6A827143AEA00C75CA2 /* Assets.xcassets in Resources */,
				FEABF6A327143AEA00C75CA2 /* Main.storyboard in Resources */,
			);
			runOnlyForDeploymentPostprocessing = 0;
		};
/* End PBXResourcesBuildPhase section */

/* Begin PBXSourcesBuildPhase section */
		FEABF69427143AEA00C75CA2 /* Sources */ = {
			isa = PBXSourcesBuildPhase;
			buildActionMask = 2147483647;
			files = (
				FEABF6A027143AEA00C75CA2 /* ViewController.swift in Sources */,
				FEABF69C27143AEA00C75CA2 /* AppDelegate.swift in Sources */,
				FEABF6A627143AEA00C75CA2 /* NewsApp_Challenge.xcdatamodeld in Sources */,
				FEABF69E27143AEA00C75CA2 /* SceneDelegate.swift in Sources */,
			);
			runOnlyForDeploymentPostprocessing = 0;
		};
/* End PBXSourcesBuildPhase section */

/* Begin PBXVariantGroup section */
		FEABF6A127143AEA00C75CA2 /* Main.storyboard */ = {
			isa = PBXVariantGroup;
			children = (
				FEABF6A227143AEA00C75CA2 /* Base */,
			);
			name = Main.storyboard;
			sourceTree = "<group>";
		};
		FEABF6A927143AEA00C75CA2 /* LaunchScreen.storyboard */ = {
			isa = PBXVariantGroup;
			children = (
				FEABF6AA27143AEA00C75CA2 /* Base */,
			);
			name = LaunchScreen.storyboard;
			sourceTree = "<group>";
		};
/* End PBXVariantGroup section */

/* Begin XCBuildConfiguration section */
		FEABF6AD27143AEA00C75CA2 /* Debug */ = {
			isa = XCBuildConfiguration;
			buildSettings = {
				ALWAYS_SEARCH_USER_PATHS = NO;
				CLANG_ANALYZER_NONNULL = YES;
				CLANG_ANALYZER_NUMBER_OBJECT_CONVERSION = YES_AGGRESSIVE;
				CLANG_CXX_LANGUAGE_STANDARD = "gnu++14";
				CLANG_CXX_LIBRARY = "libc++";
				CLANG_ENABLE_MODULES = YES;
				CLANG_ENABLE_OBJC_ARC = YES;
				CLANG_ENABLE_OBJC_WEAK = YES;
				CLANG_WARN_BLOCK_CAPTURE_AUTORELEASING = YES;
				CLANG_WARN_BOOL_CONVERSION = YES;
				CLANG_WARN_COMMA = YES;
				CLANG_WARN_CONSTANT_CONVERSION = YES;
				CLANG_WARN_DEPRECATED_OBJC_IMPLEMENTATIONS = YES;
				CLANG_WARN_DIRECT_OBJC_ISA_USAGE = YES_ERROR;
				CLANG_WARN_DOCUMENTATION_COMMENTS = YES;
				CLANG_WARN_EMPTY_BODY = YES;
				CLANG_WARN_ENUM_CONVERSION = YES;
				CLANG_WARN_INFINITE_RECURSION = YES;
				CLANG_WARN_INT_CONVERSION = YES;
				CLANG_WARN_NON_LITERAL_NULL_CONVERSION = YES;
				CLANG_WARN_OBJC_IMPLICIT_RETAIN_SELF = YES;
				CLANG_WARN_OBJC_LITERAL_CONVERSION = YES;
				CLANG_WARN_OBJC_ROOT_CLASS = YES_ERROR;
				CLANG_WARN_QUOTED_INCLUDE_IN_FRAMEWORK_HEADER = YES;
				CLANG_WARN_RANGE_LOOP_ANALYSIS = YES;
				CLANG_WARN_STRICT_PROTOTYPES = YES;
				CLANG_WARN_SUSPICIOUS_MOVE = YES;
				CLANG_WARN_UNGUARDED_AVAILABILITY = YES_AGGRESSIVE;
				CLANG_WARN_UNREACHABLE_CODE = YES;
				CLANG_WARN__DUPLICATE_METHOD_MATCH = YES;
				COPY_PHASE_STRIP = NO;
				DEBUG_INFORMATION_FORMAT = dwarf;
				ENABLE_STRICT_OBJC_MSGSEND = YES;
				ENABLE_TESTABILITY = YES;
				GCC_C_LANGUAGE_STANDARD = gnu11;
				GCC_DYNAMIC_NO_PIC = NO;
				GCC_NO_COMMON_BLOCKS = YES;
				GCC_OPTIMIZATION_LEVEL = 0;
				GCC_PREPROCESSOR_DEFINITIONS = (
					"DEBUG=1",
					"$(inherited)",
				);
				GCC_WARN_64_TO_32_BIT_CONVERSION = YES;
				GCC_WARN_ABOUT_RETURN_TYPE = YES_ERROR;
				GCC_WARN_UNDECLARED_SELECTOR = YES;
				GCC_WARN_UNINITIALIZED_AUTOS = YES_AGGRESSIVE;
				GCC_WARN_UNUSED_FUNCTION = YES;
				GCC_WARN_UNUSED_VARIABLE = YES;
				IPHONEOS_DEPLOYMENT_TARGET = 14.5;
				MTL_ENABLE_DEBUG_INFO = INCLUDE_SOURCE;
				MTL_FAST_MATH = YES;
				ONLY_ACTIVE_ARCH = YES;
				SDKROOT = iphoneos;
				SWIFT_ACTIVE_COMPILATION_CONDITIONS = DEBUG;
				SWIFT_OPTIMIZATION_LEVEL = "-Onone";
			};
			name = Debug;
		};
		FEABF6AE27143AEA00C75CA2 /* Release */ = {
			isa = XCBuildConfiguration;
			buildSettings = {
				ALWAYS_SEARCH_USER_PATHS = NO;
				CLANG_ANALYZER_NONNULL = YES;
				CLANG_ANALYZER_NUMBER_OBJECT_CONVERSION = YES_AGGRESSIVE;
				CLANG_CXX_LANGUAGE_STANDARD = "gnu++14";
				CLANG_CXX_LIBRARY = "libc++";
				CLANG_ENABLE_MODULES = YES;
				CLANG_ENABLE_OBJC_ARC = YES;
				CLANG_ENABLE_OBJC_WEAK = YES;
				CLANG_WARN_BLOCK_CAPTURE_AUTORELEASING = YES;
				CLANG_WARN_BOOL_CONVERSION = YES;
				CLANG_WARN_COMMA = YES;
				CLANG_WARN_CONSTANT_CONVERSION = YES;
				CLANG_WARN_DEPRECATED_OBJC_IMPLEMENTATIONS = YES;
				CLANG_WARN_DIRECT_OBJC_ISA_USAGE = YES_ERROR;
				CLANG_WARN_DOCUMENTATION_COMMENTS = YES;
				CLANG_WARN_EMPTY_BODY = YES;
				CLANG_WARN_ENUM_CONVERSION = YES;
				CLANG_WARN_INFINITE_RECURSION = YES;
				CLANG_WARN_INT_CONVERSION = YES;
				CLANG_WARN_NON_LITERAL_NULL_CONVERSION = YES;
				CLANG_WARN_OBJC_IMPLICIT_RETAIN_SELF = YES;
				CLANG_WARN_OBJC_LITERAL_CONVERSION = YES;
				CLANG_WARN_OBJC_ROOT_CLASS = YES_ERROR;
				CLANG_WARN_QUOTED_INCLUDE_IN_FRAMEWORK_HEADER = YES;
				CLANG_WARN_RANGE_LOOP_ANALYSIS = YES;
				CLANG_WARN_STRICT_PROTOTYPES = YES;
				CLANG_WARN_SUSPICIOUS_MOVE = YES;
				CLANG_WARN_UNGUARDED_AVAILABILITY = YES_AGGRESSIVE;
				CLANG_WARN_UNREACHABLE_CODE = YES;
				CLANG_WARN__DUPLICATE_METHOD_MATCH = YES;
				COPY_PHASE_STRIP = NO;
				DEBUG_INFORMATION_FORMAT = "dwarf-with-dsym";
				ENABLE_NS_ASSERTIONS = NO;
				ENABLE_STRICT_OBJC_MSGSEND = YES;
				GCC_C_LANGUAGE_STANDARD = gnu11;
				GCC_NO_COMMON_BLOCKS = YES;
				GCC_WARN_64_TO_32_BIT_CONVERSION = YES;
				GCC_WARN_ABOUT_RETURN_TYPE = YES_ERROR;
				GCC_WARN_UNDECLARED_SELECTOR = YES;
				GCC_WARN_UNINITIALIZED_AUTOS = YES_AGGRESSIVE;
				GCC_WARN_UNUSED_FUNCTION = YES;
				GCC_WARN_UNUSED_VARIABLE = YES;
				IPHONEOS_DEPLOYMENT_TARGET = 14.5;
				MTL_ENABLE_DEBUG_INFO = NO;
				MTL_FAST_MATH = YES;
				SDKROOT = iphoneos;
				SWIFT_COMPILATION_MODE = wholemodule;
				SWIFT_OPTIMIZATION_LEVEL = "-O";
				VALIDATE_PRODUCT = YES;
			};
			name = Release;
		};
		FEABF6B027143AEA00C75CA2 /* Debug */ = {
			isa = XCBuildConfiguration;
			buildSettings = {
				ASSETCATALOG_COMPILER_APPICON_NAME = AppIcon;
				ASSETCATALOG_COMPILER_GLOBAL_ACCENT_COLOR_NAME = AccentColor;
				CODE_SIGN_STYLE = Automatic;
				DEVELOPMENT_TEAM = QB34Y2GQD8;
				INFOPLIST_FILE = "NewsApp-Challenge/Info.plist";
				LD_RUNPATH_SEARCH_PATHS = (
					"$(inherited)",
					"@executable_path/Frameworks",
				);
				PRODUCT_BUNDLE_IDENTIFIER = "test.NewsApp-Challenge";
				PRODUCT_NAME = "$(TARGET_NAME)";
				SWIFT_VERSION = 5.0;
				TARGETED_DEVICE_FAMILY = "1,2";
			};
			name = Debug;
		};
		FEABF6B127143AEA00C75CA2 /* Release */ = {
			isa = XCBuildConfiguration;
			buildSettings = {
				ASSETCATALOG_COMPILER_APPICON_NAME = AppIcon;
				ASSETCATALOG_COMPILER_GLOBAL_ACCENT_COLOR_NAME = AccentColor;
				CODE_SIGN_STYLE = Automatic;
				DEVELOPMENT_TEAM = QB34Y2GQD8;
				INFOPLIST_FILE = "NewsApp-Challenge/Info.plist";
				LD_RUNPATH_SEARCH_PATHS = (
					"$(inherited)",
					"@executable_path/Frameworks",
				);
				PRODUCT_BUNDLE_IDENTIFIER = "test.NewsApp-Challenge";
				PRODUCT_NAME = "$(TARGET_NAME)";
				SWIFT_VERSION = 5.0;
				TARGETED_DEVICE_FAMILY = "1,2";
			};
			name = Release;
		};
/* End XCBuildConfiguration section */

/* Begin XCConfigurationList section */
		FEABF69327143AEA00C75CA2 /* Build configuration list for PBXProject "NewsApp-Challenge" */ = {
			isa = XCConfigurationList;
			buildConfigurations = (
				FEABF6AD27143AEA00C75CA2 /* Debug */,
				FEABF6AE27143AEA00C75CA2 /* Release */,
			);
			defaultConfigurationIsVisible = 0;
			defaultConfigurationName = Release;
		};
		FEABF6AF27143AEA00C75CA2 /* Build configuration list for PBXNativeTarget "NewsApp-Challenge" */ = {
			isa = XCConfigurationList;
			buildConfigurations = (
				FEABF6B027143AEA00C75CA2 /* Debug */,
				FEABF6B127143AEA00C75CA2 /* Release */,
			);
			defaultConfigurationIsVisible = 0;
			defaultConfigurationName = Release;
		};
/* End XCConfigurationList section */

/* Begin XCVersionGroup section */
		FEABF6A427143AEA00C75CA2 /* NewsApp_Challenge.xcdatamodeld */ = {
			isa = XCVersionGroup;
			children = (
				FEABF6A527143AEA00C75CA2 /* NewsApp_Challenge.xcdatamodel */,
			);
			currentVersion = FEABF6A527143AEA00C75CA2 /* NewsApp_Challenge.xcdatamodel */;
			path = NewsApp_Challenge.xcdatamodeld;
			sourceTree = "<group>";
			versionGroupType = wrapper.xcdatamodel;
		};
/* End XCVersionGroup section */
	};
	rootObject = FEABF69027143AEA00C75CA2 /* Project object */;
}
